
Microsoft Visual Studio Solution File, Format Version 12.00
# Visual Studio Version 16
VisualStudioVersion = 16.0.31702.278
MinimumVisualStudioVersion = 10.0.40219.1
Project("{FAE04EC0-301F-11D3-BF4B-00C04F79EFBC}") = "Laboratorio Compis 1310019", "Laboratorio Compis 1310019\Laboratorio Compis 1310019.csproj", "{ADBDE388-8001-4814-933F-1A41C1877323}"
EndProject
Global
	GlobalSection(SolutionConfigurationPlatforms) = preSolution
		Debug|Any CPU = Debug|Any CPU
		Release|Any CPU = Release|Any CPU
	EndGlobalSection
	GlobalSection(ProjectConfigurationPlatforms) = postSolution
		{ADBDE388-8001-4814-933F-1A41C1877323}.Debug|Any CPU.ActiveCfg = Debug|Any CPU
		{ADBDE388-8001-4814-933F-1A41C1877323}.Debug|Any CPU.Build.0 = Debug|Any CPU
		{ADBDE388-8001-4814-933F-1A41C1877323}.Release|Any CPU.ActiveCfg = Release|Any CPU
		{ADBDE388-8001-4814-933F-1A41C1877323}.Release|Any CPU.Build.0 = Release|Any CPU
	EndGlobalSection
	GlobalSection(SolutionProperties) = preSolution
		HideSolutionNode = FALSE
	EndGlobalSection
	GlobalSection(ExtensibilityGlobals) = postSolution
		SolutionGuid = {0DDD4BCF-036F-4142-904B-0E00574809DB}
	EndGlobalSection
EndGlobal
